
Microsoft Visual Studio Solution File, Format Version 12.00
# Visual Studio Version 16
VisualStudioVersion = 16.0.31025.194
MinimumVisualStudioVersion = 10.0.40219.1
Project("{FAE04EC0-301F-11D3-BF4B-00C04F79EFBC}") = "JogodaVelha", "JogodaVelha\JogodaVelha.csproj", "{84DCDA45-D80D-4CCE-8AC9-C4B2AE3D8E8A}"
EndProject
Global
	GlobalSection(SolutionConfigurationPlatforms) = preSolution
		Debug|Any CPU = Debug|Any CPU
		Release|Any CPU = Release|Any CPU
	EndGlobalSection
	GlobalSection(ProjectConfigurationPlatforms) = postSolution
		{84DCDA45-D80D-4CCE-8AC9-C4B2AE3D8E8A}.Debug|Any CPU.ActiveCfg = Debug|Any CPU
		{84DCDA45-D80D-4CCE-8AC9-C4B2AE3D8E8A}.Debug|Any CPU.Build.0 = Debug|Any CPU
		{84DCDA45-D80D-4CCE-8AC9-C4B2AE3D8E8A}.Release|Any CPU.ActiveCfg = Release|Any CPU
		{84DCDA45-D80D-4CCE-8AC9-C4B2AE3D8E8A}.Release|Any CPU.Build.0 = Release|Any CPU
	EndGlobalSection
	GlobalSection(SolutionProperties) = preSolution
		HideSolutionNode = FALSE
	EndGlobalSection
	GlobalSection(ExtensibilityGlobals) = postSolution
		SolutionGuid = {56C39B01-A714-44BC-A70B-5FFC89E2D1E2}
	EndGlobalSection
EndGlobal
